{
  "name": "@isdb/shared",
  "version": "0.1.0",
  "lockfileVersion": 3,
  "requires": true,
  "packages": {
    "": {
      "name": "@isdb/shared",
      "version": "0.1.0",
      "dependencies": {
        "@supabase/supabase-js": "^2.45.0",
        "clsx": "^2.1.1",
        "tailwind-merge": "^3.6.0"
      },
      "devDependencies": {
        "@types/node": "^20",
        "typescript": "^5"
      }
    },
    "node_modules/@supabase/auth-js": {
      "version": "2.107.0",
      "resolved": "https://registry.npmjs.org/@supabase/auth-js/-/auth-js-2.107.0.tgz",
      "integrity": "sha512-XA7x+WIeIvuC3GTZ2ey67QcBbGw4n+o5B7M+dMm9KT1lL3wX1B52DfEWW00WuPt/LnniJLLIn1WIm9YPtuxzKQ==",
      "license": "MIT",
      "dependencies": {
        "tslib": "2.8.1"
      },
      "engines": {
        "node": ">=20.0.0"
      }
    },
    "node_modules/@supabase/functions-js": {
      "version": "2.107.0",
      "resolved": "https://registry.npmjs.org/@supabase/functions-js/-/functions-js-2.107.0.tgz",
      "integrity": "sha512-iMtRUmEj1KOgQd/a3MR4hnBlPnZc62DW8+z8aPpnzbxWkexEZUVL2fSgvvp15gqFg1V55e2yMGqgK+yhSQxp5w==",
      "license": "MIT",
      "dependencies": {
        "tslib": "2.8.1"
      },
      "engines": {
        "node": ">=20.0.0"
      }
    },
    "node_modules/@supabase/phoenix": {
      "version": "0.4.2",
      "resolved": "https://registry.npmjs.org/@supabase/phoenix/-/phoenix-0.4.2.tgz",
      "integrity": "sha512-YSAGnmDAfuleFCVt3CeurQZAhxRfXWeZIIkwp7NhYzQ1UwW6ePSnzsFAiUm/mbCkfoCf70QQHKW/K6RKh52a4A==",
      "license": "MIT"
    },
    "node_modules/@supabase/postgrest-js": {
      "version": "2.107.0",
      "resolved": "https://registry.npmjs.org/@supabase/postgrest-js/-/postgrest-js-2.107.0.tgz",
      "integrity": "sha512-7ARs47/tyIjX7T0Ive20d4NY8zQYXsP5/P07jJWxffSIM2gpnSnGRnL/Fe15GPbdjsW2sTYeckHcyaoKbM6yWQ==",
      "license": "MIT",
      "dependencies": {
        "tslib": "2.8.1"
      },
      "engines": {
        "node": ">=20.0.0"
      }
    },
    "node_modules/@supabase/realtime-js": {
      "version": "2.107.0",
      "resolved": "https://registry.npmjs.org/@supabase/realtime-js/-/realtime-js-2.107.0.tgz",
      "integrity": "sha512-cF2KYdR3JIn9YlWGeluY9S0G+otqTdL6hB8GzpatlEIY6fZudCcyFo6Dc3+X9tjeb+x9XcIyNAk9qhNAknjH1A==",
      "license": "MIT",
      "dependencies": {
        "@supabase/phoenix": "^0.4.2",
        "tslib": "2.8.1"
      },
      "engines": {
        "node": ">=20.0.0"
      }
    },
    "node_modules/@supabase/storage-js": {
      "version": "2.107.0",
      "resolved": "https://registry.npmjs.org/@supabase/storage-js/-/storage-js-2.107.0.tgz",
      "integrity": "sha512-/X8OOVwKBn8aVKuHAGOz2yLA0d2OauqhVuy4mNtN+o7wttHOgx1/j+pqOzlsjmhOHrYykF6AJNZhs3gKZzcMUw==",
      "license": "MIT",
      "dependencies": {
        "iceberg-js": "^0.8.1",
        "tslib": "2.8.1"
      },
      "engines": {
        "node": ">=20.0.0"
      }
    },
    "node_modules/@supabase/supabase-js": {
      "version": "2.107.0",
      "resolved": "https://registry.npmjs.org/@supabase/supabase-js/-/supabase-js-2.107.0.tgz",
      "integrity": "sha512-ChKzdlWVweMUUhr0U79JhMmgm1haS/C5JquaiCDr70JaGARRtjjoY9rkIheXWybXxTSNzRiQs3Sk8IAg1HS3ZA==",
      "license": "MIT",
      "dependencies": {
        "@supabase/auth-js": "2.107.0",
        "@supabase/functions-js": "2.107.0",
        "@supabase/postgrest-js": "2.107.0",
        "@supabase/realtime-js": "2.107.0",
        "@supabase/storage-js": "2.107.0"
      },
      "engines": {
        "node": ">=20.0.0"
      }
    },
    "node_modules/@types/node": {
      "version": "20.19.41",
      "resolved": "https://registry.npmjs.org/@types/node/-/node-20.19.41.tgz",
      "integrity": "sha512-ECymXOukMnOoVkC2bb1Vc/w/836DXncOg5m8Xj1RH7xSHZJWNYY6Zh7EH477vcnD5egKNNfy2RpNOmuChhFPgQ==",
      "dev": true,
      "license": "MIT",
      "dependencies": {
        "undici-types": "~6.21.0"
      }
    },
    "node_modules/clsx": {
      "version": "2.1.1",
      "resolved": "https://registry.npmjs.org/clsx/-/clsx-2.1.1.tgz",
      "integrity": "sha512-eYm0QWBtUrBWZWG0d386OGAw16Z995PiOVo2B7bjWSbHedGl5e0ZWaq65kOGgUSNesEIDkB9ISbTg/JK9dhCZA==",
      "license": "MIT",
      "engines": {
        "node": ">=6"
      }
    },
    "node_modules/iceberg-js": {
      "version": "0.8.1",
      "resolved": "https://registry.npmjs.org/iceberg-js/-/iceberg-js-0.8.1.tgz",
      "integrity": "sha512-1dhVQZXhcHje7798IVM+xoo/1ZdVfzOMIc8/rgVSijRK38EDqOJoGula9N/8ZI5RD8QTxNQtK/Gozpr+qUqRRA==",
      "license": "MIT",
      "engines": {
        "node": ">=20.0.0"
      }
    },
    "node_modules/tailwind-merge": {
      "version": "3.6.0",
      "resolved": "https://registry.npmjs.org/tailwind-merge/-/tailwind-merge-3.6.0.tgz",
      "integrity": "sha512-uxL7qAVQriqRQPAyK3pj66VqskWqoZ37PW94jwOTwNfq/z9oyu1V+eqrZqtR2+fCiXdYOZe/Modt8GtvqNzu+w==",
      "license": "MIT",
      "funding": {
        "type": "github",
        "url": "https://github.com/sponsors/dcastil"
      }
    },
    "node_modules/tslib": {
      "version": "2.8.1",
      "resolved": "https://registry.npmjs.org/tslib/-/tslib-2.8.1.tgz",
      "integrity": "sha512-oJFu94HQb+KVduSUQL7wnpmqnfmLsOA/nAh6b6EH0wCEoK0/mPeXU6c3wKDV83MkOuHPRHtSXKKU99IBazS/2w==",
      "license": "0BSD"
    },
    "node_modules/typescript": {
      "version": "5.9.3",
      "resolved": "https://registry.npmjs.org/typescript/-/typescript-5.9.3.tgz",
      "integrity": "sha512-jl1vZzPDinLr9eUt3J/t7V6FgNEw9QjvBPdysz9KfQDD41fQrC2Y4vKQdiaUpFT4bXlb1RHhLpp8wtm6M5TgSw==",
      "dev": true,
      "license": "Apache-2.0",
      "bin": {
        "tsc": "bin/tsc",
        "tsserver": "bin/tsserver"
      },
      "engines": {
        "node": ">=14.17"
      }
    },
    "node_modules/undici-types": {
      "version": "6.21.0",
      "resolved": "https://registry.npmjs.org/undici-types/-/undici-types-6.21.0.tgz",
      "integrity": "sha512-iwDZqg0QAGrg9Rav5H4n0M64c3mkR59cJ6wQp+7C4nI0gsmExaedaYLNO44eT4AtBBwjbTiGPMlt2Md0T9H9JQ==",
      "dev": true,
      "license": "MIT"
    }
  }
}
